
Microsoft Visual Studio Solution File, Format Version 12.00
# Visual Studio Version 17
VisualStudioVersion = 17.8.34330.188
MinimumVisualStudioVersion = 10.0.40219.1
Project("{9A19103F-16F7-4668-BE54-9A1E7A4F7556}") = "csharpfundamentals", "csharpfundamentals.csproj", "{59ECDC15-AC04-406F-9DEC-9BF64089109B}"
EndProject
Project("{FAE04EC0-301F-11D3-BF4B-00C04F79EFBC}") = "absract-factory-example", "..\absract-factory-example\absract-factory-example.csproj", "{8643E41F-3146-4CE8-9E2A-7AE16D9A5CDB}"
EndProject
Global
	GlobalSection(SolutionConfigurationPlatforms) = preSolution
		Debug|Any CPU = Debug|Any CPU
		Release|Any CPU = Release|Any CPU
	EndGlobalSection
	GlobalSection(ProjectConfigurationPlatforms) = postSolution
		{59ECDC15-AC04-406F-9DEC-9BF64089109B}.Debug|Any CPU.ActiveCfg = Debug|Any CPU
		{59ECDC15-AC04-406F-9DEC-9BF64089109B}.Debug|Any CPU.Build.0 = Debug|Any CPU
		{59ECDC15-AC04-406F-9DEC-9BF64089109B}.Release|Any CPU.ActiveCfg = Release|Any CPU
		{59ECDC15-AC04-406F-9DEC-9BF64089109B}.Release|Any CPU.Build.0 = Release|Any CPU
		{8643E41F-3146-4CE8-9E2A-7AE16D9A5CDB}.Debug|Any CPU.ActiveCfg = Debug|Any CPU
		{8643E41F-3146-4CE8-9E2A-7AE16D9A5CDB}.Debug|Any CPU.Build.0 = Debug|Any CPU
		{8643E41F-3146-4CE8-9E2A-7AE16D9A5CDB}.Release|Any CPU.ActiveCfg = Release|Any CPU
		{8643E41F-3146-4CE8-9E2A-7AE16D9A5CDB}.Release|Any CPU.Build.0 = Release|Any CPU
	EndGlobalSection
	GlobalSection(SolutionProperties) = preSolution
		HideSolutionNode = FALSE
	EndGlobalSection
	GlobalSection(ExtensibilityGlobals) = postSolution
		SolutionGuid = {27E8EE11-A671-4F59-BFCF-8D6E90AAC889}
	EndGlobalSection
EndGlobal
